// !$*UTF8*$!
{
	archiveVersion = 1;
	classes = {
	};
	objectVersion = 77;
	objects = {

/* Begin PBXContainerItemProxy section */
		A248F6B92FA2C7710054CC46 /* PBXContainerItemProxy */ = {
			isa = PBXContainerItemProxy;
			containerPortal = A248F6A32FA2C7700054CC46 /* Project object */;
			proxyType = 1;
			remoteGlobalIDString = A248F6AA2FA2C7700054CC46;
			remoteInfo = Gaia;
		};
		A248F6C32FA2C7710054CC46 /* PBXContainerItemProxy */ = {
			isa = PBXContainerItemProxy;
			containerPortal = A248F6A32FA2C7700054CC46 /* Project object */;
			proxyType = 1;
			remoteGlobalIDString = A248F6AA2FA2C7700054CC46;
			remoteInfo = Gaia;
		};
/* End PBXContainerItemProxy section */

/* Begin PBXFileReference section */
		A248F6AB2FA2C7700054CC46 /* Gaia.app */ = {isa = PBXFileReference; explicitFileType = wrapper.application; includeInIndex = 0; path = Gaia.app; sourceTree = BUILT_PRODUCTS_DIR; };
		A248F6B82FA2C7710054CC46 /* GaiaTests.xctest */ = {isa = PBXFileReference; explicitFileType = wrapper.cfbundle; includeInIndex = 0; path = GaiaTests.xctest; sourceTree = BUILT_PRODUCTS_DIR; };
		A248F6C22FA2C7710054CC46 /* GaiaUITests.xctest */ = {isa = PBXFileReference; explicitFileType = wrapper.cfbundle; includeInIndex = 0; path = GaiaUITests.xctest; sourceTree = BUILT_PRODUCTS_DIR; };
/* End PBXFileReference section */

/* Begin PBXFileSystemSynchronizedRootGroup section */
		A248F6AD2FA2C7700054CC46 /* Gaia */ = {
			isa = PBXFileSystemSynchronizedRootGroup;
			path = Gaia;
			sourceTree = "<group>";
		};
		A248F6BB2FA2C7710054CC46 /* GaiaTests */ = {
			isa = PBXFileSystemSynchronizedRootGroup;
			path = GaiaTests;
			sourceTree = "<group>";
		};
		A248F6C52FA2C7710054CC46 /* GaiaUITests */ = {
			isa = PBXFileSystemSynchronizedRootGroup;
			path = GaiaUITests;
			sourceTree = "<group>";
		};
/* End PBXFileSystemSynchronizedRootGroup section */

/* Begin PBXFrameworksBuildPhase section */
		A248F6A82FA2C7700054CC46 /* Frameworks */ = {
			isa = PBXFrameworksBuildPhase;
			buildActionMask = 2147483647;
			files = (
			);
			runOnlyForDeploymentPostprocessing = 0;
		};
		A248F6B52FA2C7710054CC46 /* Frameworks */ = {
			isa = PBXFrameworksBuildPhase;
			buildActionMask = 2147483647;
			files = (
			);
			runOnlyForDeploymentPostprocessing = 0;
		};
		A248F6BF2FA2C7710054CC46 /* Frameworks */ = {
			isa = PBXFrameworksBuildPhase;
			buildActionMask = 2147483647;
			files = (
			);
			runOnlyForDeploymentPostprocessing = 0;
		};
/* End PBXFrameworksBuildPhase section */

/* Begin PBXGroup section */
		A248F6A22FA2C7700054CC46 = {
			isa = PBXGroup;
			children = (
				A248F6AD2FA2C7700054CC46 /* Gaia */,
				A248F6BB2FA2C7710054CC46 /* GaiaTests */,
				A248F6C52FA2C7710054CC46 /* GaiaUITests */,
				A248F6AC2FA2C7700054CC46 /* Products */,
			);
			sourceTree = "<group>";
		};
		A248F6AC2FA2C7700054CC46 /* Products */ = {
			isa = PBXGroup;
			children = (
				A248F6AB2FA2C7700054CC46 /* Gaia.app */,
				A248F6B82FA2C7710054CC46 /* GaiaTests.xctest */,
				A248F6C22FA2C7710054CC46 /* GaiaUITests.xctest */,
			);
			name = Products;
			sourceTree = "<group>";
		};
/* End PBXGroup section */

/* Begin PBXNativeTarget section */
		A248F6AA2FA2C7700054CC46 /* Gaia */ = {
			isa = PBXNativeTarget;
			buildConfigurationList = A248F6CC2FA2C7710054CC46 /* Build configuration list for PBXNativeTarget "Gaia" */;
			buildPhases = (
				A248F6A72FA2C7700054CC46 /* Sources */,
				A248F6A82FA2C7700054CC46 /* Frameworks */,
				A248F6A92FA2C7700054CC46 /* Resources */,
			);
			buildRules = (
			);
			dependencies = (
			);
			fileSystemSynchronizedGroups = (
				A248F6AD2FA2C7700054CC46 /* Gaia */,
			);
			name = Gaia;
			packageProductDependencies = (
			);
			productName = Gaia;
			productReference = A248F6AB2FA2C7700054CC46 /* Gaia.app */;
			productType = "com.apple.product-type.application";
		};
		A248F6B72FA2C7710054CC46 /* GaiaTests */ = {
			isa = PBXNativeTarget;
			buildConfigurationList = A248F6CF2FA2C7710054CC46 /* Build configuration list for PBXNativeTarget "GaiaTests" */;
			buildPhases = (
				A248F6B42FA2C7710054CC46 /* Sources */,
				A248F6B52FA2C7710054CC46 /* Frameworks */,
				A248F6B62FA2C7710054CC46 /* Resources */,
			);
			buildRules = (
			);
			dependencies = (
				A248F6BA2FA2C7710054CC46 /* PBXTargetDependency */,
			);
			fileSystemSynchronizedGroups = (
				A248F6BB2FA2C7710054CC46 /* GaiaTests */,
			);
			name = GaiaTests;
			packageProductDependencies = (
			);
			productName = GaiaTests;
			productReference = A248F6B82FA2C7710054CC46 /* GaiaTests.xctest */;
			productType = "com.apple.product-type.bundle.unit-test";
		};
		A248F6C12FA2C7710054CC46 /* GaiaUITests */ = {
			isa = PBXNativeTarget;
			buildConfigurationList = A248F6D22FA2C7710054CC46 /* Build configuration list for PBXNativeTarget "GaiaUITests" */;
			buildPhases = (
				A248F6BE2FA2C7710054CC46 /* Sources */,
				A248F6BF2FA2C7710054CC46 /* Frameworks */,
				A248F6C02FA2C7710054CC46 /* Resources */,
			);
			buildRules = (
			);
			dependencies = (
				A248F6C42FA2C7710054CC46 /* PBXTargetDependency */,
			);
			fileSystemSynchronizedGroups = (
				A248F6C52FA2C7710054CC46 /* GaiaUITests */,
			);
			name = GaiaUITests;
			packageProductDependencies = (
			);
			productName = GaiaUITests;
			productReference = A248F6C22FA2C7710054CC46 /* GaiaUITests.xctest */;
			productType = "com.apple.product-type.bundle.ui-testing";
		};
/* End PBXNativeTarget section */

/* Begin PBXProject section */
		A248F6A32FA2C7700054CC46 /* Project object */ = {
			isa = PBXProject;
			attributes = {
				BuildIndependentTargetsInParallel = 1;
				LastSwiftUpdateCheck = 2640;
				LastUpgradeCheck = 2640;
				TargetAttributes = {
					A248F6AA2FA2C7700054CC46 = {
						CreatedOnToolsVersion = 26.4;
					};
					A248F6B72FA2C7710054CC46 = {
						CreatedOnToolsVersion = 26.4;
						TestTargetID = A248F6AA2FA2C7700054CC46;
					};
					A248F6C12FA2C7710054CC46 = {
						CreatedOnToolsVersion = 26.4;
						TestTargetID = A248F6AA2FA2C7700054CC46;
					};
				};
			};
			buildConfigurationList = A248F6A62FA2C7700054CC46 /* Build configuration list for PBXProject "Gaia" */;
			developmentRegion = en;
			hasScannedForEncodings = 0;
			knownRegions = (
				en,
				Base,
				de,
				fa,
			);
			mainGroup = A248F6A22FA2C7700054CC46;
			minimizedProjectReferenceProxies = 1;
			preferredProjectObjectVersion = 77;
			productRefGroup = A248F6AC2FA2C7700054CC46 /* Products */;
			projectDirPath = "";
			projectRoot = "";
			targets = (
				A248F6AA2FA2C7700054CC46 /* Gaia */,
				A248F6B72FA2C7710054CC46 /* GaiaTests */,
				A248F6C12FA2C7710054CC46 /* GaiaUITests */,
			);
		};
/* End PBXProject section */

/* Begin PBXResourcesBuildPhase section */
		A248F6A92FA2C7700054CC46 /* Resources */ = {
			isa = PBXResourcesBuildPhase;
			buildActionMask = 2147483647;
			files = (
			);
			runOnlyForDeploymentPostprocessing = 0;
		};
		A248F6B62FA2C7710054CC46 /* Resources */ = {
			isa = PBXResourcesBuildPhase;
			buildActionMask = 2147483647;
			files = (
			);
			runOnlyForDeploymentPostprocessing = 0;
		};
		A248F6C02FA2C7710054CC46 /* Resources */ = {
			isa = PBXResourcesBuildPhase;
			buildActionMask = 2147483647;
			files = (
			);
			runOnlyForDeploymentPostprocessing = 0;
		};
/* End PBXResourcesBuildPhase section */

/* Begin PBXSourcesBuildPhase section */
		A248F6A72FA2C7700054CC46 /* Sources */ = {
			isa = PBXSourcesBuildPhase;
			buildActionMask = 2147483647;
			files = (
			);
			runOnlyForDeploymentPostprocessing = 0;
		};
		A248F6B42FA2C7710054CC46 /* Sources */ = {
			isa = PBXSourcesBuildPhase;
			buildActionMask = 2147483647;
			files = (
			);
			runOnlyForDeploymentPostprocessing = 0;
		};
		A248F6BE2FA2C7710054CC46 /* Sources */ = {
			isa = PBXSourcesBuildPhase;
			buildActionMask = 2147483647;
			files = (
			);
			runOnlyForDeploymentPostprocessing = 0;
		};
/* End PBXSourcesBuildPhase section */

/* Begin PBXTargetDependency section */
		A248F6BA2FA2C7710054CC46 /* PBXTargetDependency */ = {
			isa = PBXTargetDependency;
			target = A248F6AA2FA2C7700054CC46 /* Gaia */;
			targetProxy = A248F6B92FA2C7710054CC46 /* PBXContainerItemProxy */;
		};
		A248F6C42FA2C7710054CC46 /* PBXTargetDependency */ = {
			isa = PBXTargetDependency;
			target = A248F6AA2FA2C7700054CC46 /* Gaia */;
			targetProxy = A248F6C32FA2C7710054CC46 /* PBXContainerItemProxy */;
		};
/* End PBXTargetDependency section */

/* Begin XCBuildConfiguration section */
		A248F6CA2FA2C7710054CC46 /* Debug */ = {
			isa = XCBuildConfiguration;
			buildSettings = {
				ALWAYS_SEARCH_USER_PATHS = NO;
				ASSETCATALOG_COMPILER_GENERATE_SWIFT_ASSET_SYMBOL_EXTENSIONS = YES;
				CLANG_ANALYZER_NONNULL = YES;
				CLANG_ANALYZER_NUMBER_OBJECT_CONVERSION = YES_AGGRESSIVE;
				CLANG_CXX_LANGUAGE_STANDARD = "gnu++20";
				CLANG_ENABLE_MODULES = YES;
				CLANG_ENABLE_OBJC_ARC = YES;
				CLANG_ENABLE_OBJC_WEAK = YES;
				CLANG_WARN_BLOCK_CAPTURE_AUTORELEASING = YES;
				CLANG_WARN_BOOL_CONVERSION = YES;
				CLANG_WARN_COMMA = YES;
				CLANG_WARN_CONSTANT_CONVERSION = YES;
				CLANG_WARN_DEPRECATED_OBJC_IMPLEMENTATIONS = YES;
				CLANG_WARN_DIRECT_OBJC_ISA_USAGE = YES_ERROR;
				CLANG_WARN_DOCUMENTATION_COMMENTS = YES;
				CLANG_WARN_EMPTY_BODY = YES;
				CLANG_WARN_ENUM_CONVERSION = YES;
				CLANG_WARN_INFINITE_RECURSION = YES;
				CLANG_WARN_INT_CONVERSION = YES;
				CLANG_WARN_NON_LITERAL_NULL_CONVERSION = YES;
				CLANG_WARN_OBJC_IMPLICIT_RETAIN_SELF = YES;
				CLANG_WARN_OBJC_LITERAL_CONVERSION = YES;
				CLANG_WARN_OBJC_ROOT_CLASS = YES_ERROR;
				CLANG_WARN_QUOTED_INCLUDE_IN_FRAMEWORK_HEADER = YES;
				CLANG_WARN_RANGE_LOOP_ANALYSIS = YES;
				CLANG_WARN_STRICT_PROTOTYPES = YES;
				CLANG_WARN_SUSPICIOUS_MOVE = YES;
				CLANG_WARN_UNGUARDED_AVAILABILITY = YES_AGGRESSIVE;
				CLANG_WARN_UNREACHABLE_CODE = YES;
				CLANG_WARN__DUPLICATE_METHOD_MATCH = YES;
				COPY_PHASE_STRIP = NO;
				DEBUG_INFORMATION_FORMAT = dwarf;
				DEVELOPMENT_TEAM = 9F9JHBY6QF;
				ENABLE_STRICT_OBJC_MSGSEND = YES;
				ENABLE_TESTABILITY = YES;
				ENABLE_USER_SCRIPT_SANDBOXING = YES;
				GCC_C_LANGUAGE_STANDARD = gnu17;
				GCC_DYNAMIC_NO_PIC = NO;
				GCC_NO_COMMON_BLOCKS = YES;
				GCC_OPTIMIZATION_LEVEL = 0;
				GCC_PREPROCESSOR_DEFINITIONS = (
					"DEBUG=1",
					"$(inherited)",
				);
				GCC_WARN_64_TO_32_BIT_CONVERSION = YES;
				GCC_WARN_ABOUT_RETURN_TYPE = YES_ERROR;
				GCC_WARN_UNDECLARED_SELECTOR = YES;
				GCC_WARN_UNINITIALIZED_AUTOS = YES_AGGRESSIVE;
				GCC_WARN_UNUSED_FUNCTION = YES;
				GCC_WARN_UNUSED_VARIABLE = YES;
				LOCALIZATION_PREFERS_STRING_CATALOGS = YES;
				MACOSX_DEPLOYMENT_TARGET = 26.4;
				MTL_ENABLE_DEBUG_INFO = INCLUDE_SOURCE;
				MTL_FAST_MATH = YES;
				ONLY_ACTIVE_ARCH = YES;
				SDKROOT = macosx;
				SWIFT_ACTIVE_COMPILATION_CONDITIONS = "DEBUG $(inherited)";
				SWIFT_OPTIMIZATION_LEVEL = "-Onone";
			};
			name = Debug;
		};
		A248F6CB2FA2C7710054CC46 /* Release */ = {
			isa = XCBuildConfiguration;
			buildSettings = {
				ALWAYS_SEARCH_USER_PATHS = NO;
				ASSETCATALOG_COMPILER_GENERATE_SWIFT_ASSET_SYMBOL_EXTENSIONS = YES;
				CLANG_ANALYZER_NONNULL = YES;
				CLANG_ANALYZER_NUMBER_OBJECT_CONVERSION = YES_AGGRESSIVE;
				CLANG_CXX_LANGUAGE_STANDARD = "gnu++20";
				CLANG_ENABLE_MODULES = YES;
				CLANG_ENABLE_OBJC_ARC = YES;
				CLANG_ENABLE_OBJC_WEAK = YES;
				CLANG_WARN_BLOCK_CAPTURE_AUTORELEASING = YES;
				CLANG_WARN_BOOL_CONVERSION = YES;
				CLANG_WARN_COMMA = YES;
				CLANG_WARN_CONSTANT_CONVERSION = YES;
				CLANG_WARN_DEPRECATED_OBJC_IMPLEMENTATIONS = YES;
				CLANG_WARN_DIRECT_OBJC_ISA_USAGE = YES_ERROR;
				CLANG_WARN_DOCUMENTATION_COMMENTS = YES;
				CLANG_WARN_EMPTY_BODY = YES;
				CLANG_WARN_ENUM_CONVERSION = YES;
				CLANG_WARN_INFINITE_RECURSION = YES;
				CLANG_WARN_INT_CONVERSION = YES;
				CLANG_WARN_NON_LITERAL_NULL_CONVERSION = YES;
				CLANG_WARN_OBJC_IMPLICIT_RETAIN_SELF = YES;
				CLANG_WARN_OBJC_LITERAL_CONVERSION = YES;
				CLANG_WARN_OBJC_ROOT_CLASS = YES_ERROR;
				CLANG_WARN_QUOTED_INCLUDE_IN_FRAMEWORK_HEADER = YES;
				CLANG_WARN_RANGE_LOOP_ANALYSIS = YES;
				CLANG_WARN_STRICT_PROTOTYPES = YES;
				CLANG_WARN_SUSPICIOUS_MOVE = YES;
				CLANG_WARN_UNGUARDED_AVAILABILITY = YES_AGGRESSIVE;
				CLANG_WARN_UNREACHABLE_CODE = YES;
				CLANG_WARN__DUPLICATE_METHOD_MATCH = YES;
				COPY_PHASE_STRIP = NO;
				DEBUG_INFORMATION_FORMAT = "dwarf-with-dsym";
				DEVELOPMENT_TEAM = 9F9JHBY6QF;
				ENABLE_NS_ASSERTIONS = NO;
				ENABLE_STRICT_OBJC_MSGSEND = YES;
				ENABLE_USER_SCRIPT_SANDBOXING = YES;
				GCC_C_LANGUAGE_STANDARD = gnu17;
				GCC_NO_COMMON_BLOCKS = YES;
				GCC_WARN_64_TO_32_BIT_CONVERSION = YES;
				GCC_WARN_ABOUT_RETURN_TYPE = YES_ERROR;
				GCC_WARN_UNDECLARED_SELECTOR = YES;
				GCC_WARN_UNINITIALIZED_AUTOS = YES_AGGRESSIVE;
				GCC_WARN_UNUSED_FUNCTION = YES;
				GCC_WARN_UNUSED_VARIABLE = YES;
				LOCALIZATION_PREFERS_STRING_CATALOGS = YES;
				MACOSX_DEPLOYMENT_TARGET = 26.4;
				MTL_ENABLE_DEBUG_INFO = NO;
				MTL_FAST_MATH = YES;
				SDKROOT = macosx;
				SWIFT_COMPILATION_MODE = wholemodule;
			};
			name = Release;
		};
		A248F6CD2FA2C7710054CC46 /* Debug */ = {
			isa = XCBuildConfiguration;
			buildSettings = {
				ASSETCATALOG_COMPILER_APPICON_NAME = AppIcon;
				ASSETCATALOG_COMPILER_GLOBAL_ACCENT_COLOR_NAME = AccentColor;
				ASSETCATALOG_COMPILER_INCLUDE_ALL_APPICON_ASSETS = NO;
				CODE_SIGN_ENTITLEMENTS = Gaia/Gaia.entitlements;
				"CODE_SIGN_IDENTITY[sdk=macosx*]" = "-";
				CODE_SIGN_STYLE = Automatic;
				COMBINE_HIDPI_IMAGES = YES;
				CURRENT_PROJECT_VERSION = 2;
				DEVELOPMENT_TEAM = 9F9JHBY6QF;
				ENABLE_APP_SANDBOX = YES;
				ENABLE_HARDENED_RUNTIME = YES;
				ENABLE_PREVIEWS = YES;
				ENABLE_USER_SELECTED_FILES = readonly;
				GENERATE_INFOPLIST_FILE = YES;
				INFOPLIST_KEY_CFBundleDisplayName = Gaia;
				INFOPLIST_KEY_LSApplicationCategoryType = "public.app-category.entertainment";
				INFOPLIST_KEY_LSUIElement = YES;
				INFOPLIST_KEY_NSHumanReadableCopyright = "";
				LD_RUNPATH_SEARCH_PATHS = (
					"$(inherited)",
					"@executable_path/../Frameworks",
				);
				MARKETING_VERSION = 0.1.8;
				PRODUCT_BUNDLE_IDENTIFIER = com.madebydaniz.Gaia;
				PRODUCT_NAME = "$(TARGET_NAME)";
				REGISTER_APP_GROUPS = YES;
				STRING_CATALOG_GENERATE_SYMBOLS = YES;
				SWIFT_APPROACHABLE_CONCURRENCY = YES;
				SWIFT_DEFAULT_ACTOR_ISOLATION = MainActor;
				SWIFT_EMIT_LOC_STRINGS = YES;
				SWIFT_UPCOMING_FEATURE_MEMBER_IMPORT_VISIBILITY = YES;
				SWIFT_VERSION = 5.0;
			};
			name = Debug;
		};
		A248F6CE2FA2C7710054CC46 /* Release */ = {
			isa = XCBuildConfiguration;
			buildSettings = {
				ASSETCATALOG_COMPILER_APPICON_NAME = AppIcon;
				ASSETCATALOG_COMPILER_GLOBAL_ACCENT_COLOR_NAME = AccentColor;
				ASSETCATALOG_COMPILER_INCLUDE_ALL_APPICON_ASSETS = NO;
				CODE_SIGN_ENTITLEMENTS = Gaia/Gaia.entitlements;
				"CODE_SIGN_IDENTITY[sdk=macosx*]" = "-";
				CODE_SIGN_STYLE = Automatic;
				COMBINE_HIDPI_IMAGES = YES;
				CURRENT_PROJECT_VERSION = 2;
				DEVELOPMENT_TEAM = 9F9JHBY6QF;
				ENABLE_APP_SANDBOX = YES;
				ENABLE_HARDENED_RUNTIME = YES;
				ENABLE_PREVIEWS = YES;
				ENABLE_USER_SELECTED_FILES = readonly;
				GENERATE_INFOPLIST_FILE = YES;
				INFOPLIST_KEY_CFBundleDisplayName = Gaia;
				INFOPLIST_KEY_LSApplicationCategoryType = "public.app-category.entertainment";
				INFOPLIST_KEY_LSUIElement = YES;
				INFOPLIST_KEY_NSHumanReadableCopyright = "";
				LD_RUNPATH_SEARCH_PATHS = (
					"$(inherited)",
					"@executable_path/../Frameworks",
				);
				MARKETING_VERSION = 0.1.8;
				PRODUCT_BUNDLE_IDENTIFIER = com.madebydaniz.Gaia;
				PRODUCT_NAME = "$(TARGET_NAME)";
				REGISTER_APP_GROUPS = YES;
				STRING_CATALOG_GENERATE_SYMBOLS = YES;
				SWIFT_APPROACHABLE_CONCURRENCY = YES;
				SWIFT_DEFAULT_ACTOR_ISOLATION = MainActor;
				SWIFT_EMIT_LOC_STRINGS = YES;
				SWIFT_UPCOMING_FEATURE_MEMBER_IMPORT_VISIBILITY = YES;
				SWIFT_VERSION = 5.0;
			};
			name = Release;
		};
		A248F6D02FA2C7710054CC46 /* Debug */ = {
			isa = XCBuildConfiguration;
			buildSettings = {
				BUNDLE_LOADER = "$(TEST_HOST)";
				CODE_SIGN_STYLE = Automatic;
				CURRENT_PROJECT_VERSION = 2;
				DEVELOPMENT_TEAM = 9F9JHBY6QF;
				GENERATE_INFOPLIST_FILE = YES;
				MACOSX_DEPLOYMENT_TARGET = 26.4;
				MARKETING_VERSION = 0.1.8;
				PRODUCT_BUNDLE_IDENTIFIER = com.madebydaniz.GaiaTests;
				PRODUCT_NAME = "$(TARGET_NAME)";
				STRING_CATALOG_GENERATE_SYMBOLS = NO;
				SWIFT_APPROACHABLE_CONCURRENCY = YES;
				SWIFT_EMIT_LOC_STRINGS = NO;
				SWIFT_UPCOMING_FEATURE_MEMBER_IMPORT_VISIBILITY = YES;
				SWIFT_VERSION = 5.0;
				TEST_HOST = "$(BUILT_PRODUCTS_DIR)/Gaia.app/$(BUNDLE_EXECUTABLE_FOLDER_PATH)/Gaia";
			};
			name = Debug;
		};
		A248F6D12FA2C7710054CC46 /* Release */ = {
			isa = XCBuildConfiguration;
			buildSettings = {
				BUNDLE_LOADER = "$(TEST_HOST)";
				CODE_SIGN_STYLE = Automatic;
				CURRENT_PROJECT_VERSION = 2;
				DEVELOPMENT_TEAM = 9F9JHBY6QF;
				GENERATE_INFOPLIST_FILE = YES;
				MACOSX_DEPLOYMENT_TARGET = 26.4;
				MARKETING_VERSION = 0.1.8;
				PRODUCT_BUNDLE_IDENTIFIER = com.madebydaniz.GaiaTests;
				PRODUCT_NAME = "$(TARGET_NAME)";
				STRING_CATALOG_GENERATE_SYMBOLS = NO;
				SWIFT_APPROACHABLE_CONCURRENCY = YES;
				SWIFT_EMIT_LOC_STRINGS = NO;
				SWIFT_UPCOMING_FEATURE_MEMBER_IMPORT_VISIBILITY = YES;
				SWIFT_VERSION = 5.0;
				TEST_HOST = "$(BUILT_PRODUCTS_DIR)/Gaia.app/$(BUNDLE_EXECUTABLE_FOLDER_PATH)/Gaia";
			};
			name = Release;
		};
		A248F6D32FA2C7710054CC46 /* Debug */ = {
			isa = XCBuildConfiguration;
			buildSettings = {
				CODE_SIGN_STYLE = Automatic;
				CURRENT_PROJECT_VERSION = 2;
				DEVELOPMENT_TEAM = 9F9JHBY6QF;
				GENERATE_INFOPLIST_FILE = YES;
				MARKETING_VERSION = 0.1.8;
				PRODUCT_BUNDLE_IDENTIFIER = com.madebydaniz.GaiaUITests;
				PRODUCT_NAME = "$(TARGET_NAME)";
				STRING_CATALOG_GENERATE_SYMBOLS = NO;
				SWIFT_APPROACHABLE_CONCURRENCY = YES;
				SWIFT_EMIT_LOC_STRINGS = NO;
				SWIFT_UPCOMING_FEATURE_MEMBER_IMPORT_VISIBILITY = YES;
				SWIFT_VERSION = 5.0;
				TEST_TARGET_NAME = Gaia;
			};
			name = Debug;
		};
		A248F6D42FA2C7710054CC46 /* Release */ = {
			isa = XCBuildConfiguration;
			buildSettings = {
				CODE_SIGN_STYLE = Automatic;
				CURRENT_PROJECT_VERSION = 2;
				DEVELOPMENT_TEAM = 9F9JHBY6QF;
				GENERATE_INFOPLIST_FILE = YES;
				MARKETING_VERSION = 0.1.8;
				PRODUCT_BUNDLE_IDENTIFIER = com.madebydaniz.GaiaUITests;
				PRODUCT_NAME = "$(TARGET_NAME)";
				STRING_CATALOG_GENERATE_SYMBOLS = NO;
				SWIFT_APPROACHABLE_CONCURRENCY = YES;
				SWIFT_EMIT_LOC_STRINGS = NO;
				SWIFT_UPCOMING_FEATURE_MEMBER_IMPORT_VISIBILITY = YES;
				SWIFT_VERSION = 5.0;
				TEST_TARGET_NAME = Gaia;
			};
			name = Release;
		};
/* End XCBuildConfiguration section */

/* Begin XCConfigurationList section */
		A248F6A62FA2C7700054CC46 /* Build configuration list for PBXProject "Gaia" */ = {
			isa = XCConfigurationList;
			buildConfigurations = (
				A248F6CA2FA2C7710054CC46 /* Debug */,
				A248F6CB2FA2C7710054CC46 /* Release */,
			);
			defaultConfigurationIsVisible = 0;
			defaultConfigurationName = Release;
		};
		A248F6CC2FA2C7710054CC46 /* Build configuration list for PBXNativeTarget "Gaia" */ = {
			isa = XCConfigurationList;
			buildConfigurations = (
				A248F6CD2FA2C7710054CC46 /* Debug */,
				A248F6CE2FA2C7710054CC46 /* Release */,
			);
			defaultConfigurationIsVisible = 0;
			defaultConfigurationName = Release;
		};
		A248F6CF2FA2C7710054CC46 /* Build configuration list for PBXNativeTarget "GaiaTests" */ = {
			isa = XCConfigurationList;
			buildConfigurations = (
				A248F6D02FA2C7710054CC46 /* Debug */,
				A248F6D12FA2C7710054CC46 /* Release */,
			);
			defaultConfigurationIsVisible = 0;
			defaultConfigurationName = Release;
		};
		A248F6D22FA2C7710054CC46 /* Build configuration list for PBXNativeTarget "GaiaUITests" */ = {
			isa = XCConfigurationList;
			buildConfigurations = (
				A248F6D32FA2C7710054CC46 /* Debug */,
				A248F6D42FA2C7710054CC46 /* Release */,
			);
			defaultConfigurationIsVisible = 0;
			defaultConfigurationName = Release;
		};
/* End XCConfigurationList section */
	};
	rootObject = A248F6A32FA2C7700054CC46 /* Project object */;
}
